
Microsoft Visual Studio Solution File, Format Version 12.00
# Visual Studio Version 16
VisualStudioVersion = 16.0.31702.278
MinimumVisualStudioVersion = 10.0.40219.1
Project("{9A19103F-16F7-4668-BE54-9A1E7A4F7556}") = "ConsoleProgramming", "ConsoleProgramming\ConsoleProgramming.csproj", "{51567B9B-3601-45B7-A604-1DBEABEC0302}"
EndProject
Project("{2150E333-8FDC-42A3-9474-1A3956D46DE8}") = "CSharp101", "CSharp101", "{0F70AEE6-5309-4DE3-9D95-33278F24FF83}"
EndProject
Project("{9A19103F-16F7-4668-BE54-9A1E7A4F7556}") = "ConsoleProgrammingVariable", "ConsoleProgrammingVariable\ConsoleProgrammingVariable.csproj", "{211DC73B-1337-4E72-A396-2D1867399698}"
EndProject
Project("{9A19103F-16F7-4668-BE54-9A1E7A4F7556}") = "Operators", "Operators\Operators.csproj", "{4210D546-5FBB-4E41-A18D-C04A41A6EFCD}"
EndProject
Project("{9A19103F-16F7-4668-BE54-9A1E7A4F7556}") = "TypeConversions", "TypeConversions\TypeConversions.csproj", "{8EDEFF16-5343-4CF2-A71D-FDF6ED0F49CF}"
EndProject
Project("{FAE04EC0-301F-11D3-BF4B-00C04F79EFBC}") = "ErrorHandling", "ErrorHandling\ErrorHandling.csproj", "{FB7569D9-9B0D-4CBB-826D-1CFD85F62945}"
EndProject
Project("{FAE04EC0-301F-11D3-BF4B-00C04F79EFBC}") = "ConditionBlocks", "ConditionBlocks\ConditionBlocks.csproj", "{7E7A86C6-4A75-4B0E-8029-B204BBA06DF4}"
EndProject
Global
	GlobalSection(SolutionConfigurationPlatforms) = preSolution
		Debug|Any CPU = Debug|Any CPU
		Release|Any CPU = Release|Any CPU
	EndGlobalSection
	GlobalSection(ProjectConfigurationPlatforms) = postSolution
		{51567B9B-3601-45B7-A604-1DBEABEC0302}.Debug|Any CPU.ActiveCfg = Debug|Any CPU
		{51567B9B-3601-45B7-A604-1DBEABEC0302}.Debug|Any CPU.Build.0 = Debug|Any CPU
		{51567B9B-3601-45B7-A604-1DBEABEC0302}.Release|Any CPU.ActiveCfg = Release|Any CPU
		{51567B9B-3601-45B7-A604-1DBEABEC0302}.Release|Any CPU.Build.0 = Release|Any CPU
		{211DC73B-1337-4E72-A396-2D1867399698}.Debug|Any CPU.ActiveCfg = Debug|Any CPU
		{211DC73B-1337-4E72-A396-2D1867399698}.Debug|Any CPU.Build.0 = Debug|Any CPU
		{211DC73B-1337-4E72-A396-2D1867399698}.Release|Any CPU.ActiveCfg = Release|Any CPU
		{211DC73B-1337-4E72-A396-2D1867399698}.Release|Any CPU.Build.0 = Release|Any CPU
		{4210D546-5FBB-4E41-A18D-C04A41A6EFCD}.Debug|Any CPU.ActiveCfg = Debug|Any CPU
		{4210D546-5FBB-4E41-A18D-C04A41A6EFCD}.Debug|Any CPU.Build.0 = Debug|Any CPU
		{4210D546-5FBB-4E41-A18D-C04A41A6EFCD}.Release|Any CPU.ActiveCfg = Release|Any CPU
		{4210D546-5FBB-4E41-A18D-C04A41A6EFCD}.Release|Any CPU.Build.0 = Release|Any CPU
		{8EDEFF16-5343-4CF2-A71D-FDF6ED0F49CF}.Debug|Any CPU.ActiveCfg = Debug|Any CPU
		{8EDEFF16-5343-4CF2-A71D-FDF6ED0F49CF}.Debug|Any CPU.Build.0 = Debug|Any CPU
		{8EDEFF16-5343-4CF2-A71D-FDF6ED0F49CF}.Release|Any CPU.ActiveCfg = Release|Any CPU
		{8EDEFF16-5343-4CF2-A71D-FDF6ED0F49CF}.Release|Any CPU.Build.0 = Release|Any CPU
		{FB7569D9-9B0D-4CBB-826D-1CFD85F62945}.Debug|Any CPU.ActiveCfg = Debug|Any CPU
		{FB7569D9-9B0D-4CBB-826D-1CFD85F62945}.Debug|Any CPU.Build.0 = Debug|Any CPU
		{FB7569D9-9B0D-4CBB-826D-1CFD85F62945}.Release|Any CPU.ActiveCfg = Release|Any CPU
		{FB7569D9-9B0D-4CBB-826D-1CFD85F62945}.Release|Any CPU.Build.0 = Release|Any CPU
		{7E7A86C6-4A75-4B0E-8029-B204BBA06DF4}.Debug|Any CPU.ActiveCfg = Debug|Any CPU
		{7E7A86C6-4A75-4B0E-8029-B204BBA06DF4}.Debug|Any CPU.Build.0 = Debug|Any CPU
		{7E7A86C6-4A75-4B0E-8029-B204BBA06DF4}.Release|Any CPU.ActiveCfg = Release|Any CPU
		{7E7A86C6-4A75-4B0E-8029-B204BBA06DF4}.Release|Any CPU.Build.0 = Release|Any CPU
	EndGlobalSection
	GlobalSection(SolutionProperties) = preSolution
		HideSolutionNode = FALSE
	EndGlobalSection
	GlobalSection(NestedProjects) = preSolution
		{51567B9B-3601-45B7-A604-1DBEABEC0302} = {0F70AEE6-5309-4DE3-9D95-33278F24FF83}
		{211DC73B-1337-4E72-A396-2D1867399698} = {0F70AEE6-5309-4DE3-9D95-33278F24FF83}
		{4210D546-5FBB-4E41-A18D-C04A41A6EFCD} = {0F70AEE6-5309-4DE3-9D95-33278F24FF83}
		{8EDEFF16-5343-4CF2-A71D-FDF6ED0F49CF} = {0F70AEE6-5309-4DE3-9D95-33278F24FF83}
		{FB7569D9-9B0D-4CBB-826D-1CFD85F62945} = {0F70AEE6-5309-4DE3-9D95-33278F24FF83}
		{7E7A86C6-4A75-4B0E-8029-B204BBA06DF4} = {0F70AEE6-5309-4DE3-9D95-33278F24FF83}
	EndGlobalSection
	GlobalSection(ExtensibilityGlobals) = postSolution
		SolutionGuid = {6033F580-11F6-4D8B-BF1B-9D9E07504556}
	EndGlobalSection
EndGlobal
