
Microsoft Visual Studio Solution File, Format Version 12.00
# Visual Studio Version 16
VisualStudioVersion = 16.0.31702.278
MinimumVisualStudioVersion = 10.0.40219.1
Project("{9A19103F-16F7-4668-BE54-9A1E7A4F7556}") = "ConsoleProgramming", "ConsoleProgramming\ConsoleProgramming.csproj", "{51567B9B-3601-45B7-A604-1DBEABEC0302}"
EndProject
Project("{2150E333-8FDC-42A3-9474-1A3956D46DE8}") = "CSharp101", "CSharp101", "{0F70AEE6-5309-4DE3-9D95-33278F24FF83}"
EndProject
Project("{9A19103F-16F7-4668-BE54-9A1E7A4F7556}") = "ConsoleProgrammingVariable", "ConsoleProgrammingVariable\ConsoleProgrammingVariable.csproj", "{211DC73B-1337-4E72-A396-2D1867399698}"
EndProject
Project("{9A19103F-16F7-4668-BE54-9A1E7A4F7556}") = "Operators", "Operators\Operators.csproj", "{4210D546-5FBB-4E41-A18D-C04A41A6EFCD}"
EndProject
Project("{9A19103F-16F7-4668-BE54-9A1E7A4F7556}") = "TypeConversions", "TypeConversions\TypeConversions.csproj", "{8EDEFF16-5343-4CF2-A71D-FDF6ED0F49CF}"
EndProject
Project("{9A19103F-16F7-4668-BE54-9A1E7A4F7556}") = "ErrorHandling", "ErrorHandling\ErrorHandling.csproj", "{FB7569D9-9B0D-4CBB-826D-1CFD85F62945}"
EndProject
Project("{9A19103F-16F7-4668-BE54-9A1E7A4F7556}") = "ConditionBlocks", "ConditionBlocks\ConditionBlocks.csproj", "{7E7A86C6-4A75-4B0E-8029-B204BBA06DF4}"
EndProject
Project("{9A19103F-16F7-4668-BE54-9A1E7A4F7556}") = "Enum", "Enum\Enum.csproj", "{5FB74208-3B1B-4F26-80AA-2795C0E5DAF1}"
EndProject
Project("{9A19103F-16F7-4668-BE54-9A1E7A4F7556}") = "SwitchCase", "SwitchCase\SwitchCase.csproj", "{9C60FD05-5220-4714-8F4F-A900F324CE03}"
EndProject
Project("{9A19103F-16F7-4668-BE54-9A1E7A4F7556}") = "ForLoop", "ForLoop\ForLoop.csproj", "{C6943095-6522-49E3-A4BC-B24D42A0ED49}"
EndProject
Project("{9A19103F-16F7-4668-BE54-9A1E7A4F7556}") = "WhileForeach", "WhileForeach\WhileForeach.csproj", "{D44B7BF3-2058-4768-AEAD-80E99AF72852}"
EndProject
Project("{9A19103F-16F7-4668-BE54-9A1E7A4F7556}") = "Arrays", "Arrays\Arrays.csproj", "{A878C29D-D28B-4988-98C2-81996CD35DF9}"
EndProject
Project("{9A19103F-16F7-4668-BE54-9A1E7A4F7556}") = "ArrayMethods", "ArrayMethods\ArrayMethods.csproj", "{61B44BE8-3D1B-4519-B1DF-D14C8AA81C64}"
EndProject
Project("{9A19103F-16F7-4668-BE54-9A1E7A4F7556}") = "Methods", "Methods\Methods.csproj", "{E9D1F9F6-6DA7-45FD-B19B-281F53A63856}"
EndProject
Project("{9A19103F-16F7-4668-BE54-9A1E7A4F7556}") = "MethodOverloading", "MethodOverloading\MethodOverloading.csproj", "{71DA0D4C-4F48-4A20-87DC-AEE82350A612}"
EndProject
Project("{9A19103F-16F7-4668-BE54-9A1E7A4F7556}") = "ExtensionRecursiveMethods", "ExtensionRecursiveMethods\ExtensionRecursiveMethods.csproj", "{49C92969-69E0-4A1B-A0B8-762E0C2729FE}"
EndProject
Project("{9A19103F-16F7-4668-BE54-9A1E7A4F7556}") = "Exercises", "Exercises\Exercises.csproj", "{0B03E981-DE73-451B-9484-0048CDFF0A21}"
EndProject
Project("{FAE04EC0-301F-11D3-BF4B-00C04F79EFBC}") = "StringMethods", "StringMethods\StringMethods.csproj", "{0B9453D1-E3FC-4460-A6E7-BD2D17E31366}"
EndProject
Global
	GlobalSection(SolutionConfigurationPlatforms) = preSolution
		Debug|Any CPU = Debug|Any CPU
		Release|Any CPU = Release|Any CPU
	EndGlobalSection
	GlobalSection(ProjectConfigurationPlatforms) = postSolution
		{51567B9B-3601-45B7-A604-1DBEABEC0302}.Debug|Any CPU.ActiveCfg = Debug|Any CPU
		{51567B9B-3601-45B7-A604-1DBEABEC0302}.Debug|Any CPU.Build.0 = Debug|Any CPU
		{51567B9B-3601-45B7-A604-1DBEABEC0302}.Release|Any CPU.ActiveCfg = Release|Any CPU
		{51567B9B-3601-45B7-A604-1DBEABEC0302}.Release|Any CPU.Build.0 = Release|Any CPU
		{211DC73B-1337-4E72-A396-2D1867399698}.Debug|Any CPU.ActiveCfg = Debug|Any CPU
		{211DC73B-1337-4E72-A396-2D1867399698}.Debug|Any CPU.Build.0 = Debug|Any CPU
		{211DC73B-1337-4E72-A396-2D1867399698}.Release|Any CPU.ActiveCfg = Release|Any CPU
		{211DC73B-1337-4E72-A396-2D1867399698}.Release|Any CPU.Build.0 = Release|Any CPU
		{4210D546-5FBB-4E41-A18D-C04A41A6EFCD}.Debug|Any CPU.ActiveCfg = Debug|Any CPU
		{4210D546-5FBB-4E41-A18D-C04A41A6EFCD}.Debug|Any CPU.Build.0 = Debug|Any CPU
		{4210D546-5FBB-4E41-A18D-C04A41A6EFCD}.Release|Any CPU.ActiveCfg = Release|Any CPU
		{4210D546-5FBB-4E41-A18D-C04A41A6EFCD}.Release|Any CPU.Build.0 = Release|Any CPU
		{8EDEFF16-5343-4CF2-A71D-FDF6ED0F49CF}.Debug|Any CPU.ActiveCfg = Debug|Any CPU
		{8EDEFF16-5343-4CF2-A71D-FDF6ED0F49CF}.Debug|Any CPU.Build.0 = Debug|Any CPU
		{8EDEFF16-5343-4CF2-A71D-FDF6ED0F49CF}.Release|Any CPU.ActiveCfg = Release|Any CPU
		{8EDEFF16-5343-4CF2-A71D-FDF6ED0F49CF}.Release|Any CPU.Build.0 = Release|Any CPU
		{FB7569D9-9B0D-4CBB-826D-1CFD85F62945}.Debug|Any CPU.ActiveCfg = Debug|Any CPU
		{FB7569D9-9B0D-4CBB-826D-1CFD85F62945}.Debug|Any CPU.Build.0 = Debug|Any CPU
		{FB7569D9-9B0D-4CBB-826D-1CFD85F62945}.Release|Any CPU.ActiveCfg = Release|Any CPU
		{FB7569D9-9B0D-4CBB-826D-1CFD85F62945}.Release|Any CPU.Build.0 = Release|Any CPU
		{7E7A86C6-4A75-4B0E-8029-B204BBA06DF4}.Debug|Any CPU.ActiveCfg = Debug|Any CPU
		{7E7A86C6-4A75-4B0E-8029-B204BBA06DF4}.Debug|Any CPU.Build.0 = Debug|Any CPU
		{7E7A86C6-4A75-4B0E-8029-B204BBA06DF4}.Release|Any CPU.ActiveCfg = Release|Any CPU
		{7E7A86C6-4A75-4B0E-8029-B204BBA06DF4}.Release|Any CPU.Build.0 = Release|Any CPU
		{5FB74208-3B1B-4F26-80AA-2795C0E5DAF1}.Debug|Any CPU.ActiveCfg = Debug|Any CPU
		{5FB74208-3B1B-4F26-80AA-2795C0E5DAF1}.Debug|Any CPU.Build.0 = Debug|Any CPU
		{5FB74208-3B1B-4F26-80AA-2795C0E5DAF1}.Release|Any CPU.ActiveCfg = Release|Any CPU
		{5FB74208-3B1B-4F26-80AA-2795C0E5DAF1}.Release|Any CPU.Build.0 = Release|Any CPU
		{9C60FD05-5220-4714-8F4F-A900F324CE03}.Debug|Any CPU.ActiveCfg = Debug|Any CPU
		{9C60FD05-5220-4714-8F4F-A900F324CE03}.Debug|Any CPU.Build.0 = Debug|Any CPU
		{9C60FD05-5220-4714-8F4F-A900F324CE03}.Release|Any CPU.ActiveCfg = Release|Any CPU
		{9C60FD05-5220-4714-8F4F-A900F324CE03}.Release|Any CPU.Build.0 = Release|Any CPU
		{C6943095-6522-49E3-A4BC-B24D42A0ED49}.Debug|Any CPU.ActiveCfg = Debug|Any CPU
		{C6943095-6522-49E3-A4BC-B24D42A0ED49}.Debug|Any CPU.Build.0 = Debug|Any CPU
		{C6943095-6522-49E3-A4BC-B24D42A0ED49}.Release|Any CPU.ActiveCfg = Release|Any CPU
		{C6943095-6522-49E3-A4BC-B24D42A0ED49}.Release|Any CPU.Build.0 = Release|Any CPU
		{D44B7BF3-2058-4768-AEAD-80E99AF72852}.Debug|Any CPU.ActiveCfg = Debug|Any CPU
		{D44B7BF3-2058-4768-AEAD-80E99AF72852}.Debug|Any CPU.Build.0 = Debug|Any CPU
		{D44B7BF3-2058-4768-AEAD-80E99AF72852}.Release|Any CPU.ActiveCfg = Release|Any CPU
		{D44B7BF3-2058-4768-AEAD-80E99AF72852}.Release|Any CPU.Build.0 = Release|Any CPU
		{A878C29D-D28B-4988-98C2-81996CD35DF9}.Debug|Any CPU.ActiveCfg = Debug|Any CPU
		{A878C29D-D28B-4988-98C2-81996CD35DF9}.Debug|Any CPU.Build.0 = Debug|Any CPU
		{A878C29D-D28B-4988-98C2-81996CD35DF9}.Release|Any CPU.ActiveCfg = Release|Any CPU
		{A878C29D-D28B-4988-98C2-81996CD35DF9}.Release|Any CPU.Build.0 = Release|Any CPU
		{61B44BE8-3D1B-4519-B1DF-D14C8AA81C64}.Debug|Any CPU.ActiveCfg = Debug|Any CPU
		{61B44BE8-3D1B-4519-B1DF-D14C8AA81C64}.Debug|Any CPU.Build.0 = Debug|Any CPU
		{61B44BE8-3D1B-4519-B1DF-D14C8AA81C64}.Release|Any CPU.ActiveCfg = Release|Any CPU
		{61B44BE8-3D1B-4519-B1DF-D14C8AA81C64}.Release|Any CPU.Build.0 = Release|Any CPU
		{E9D1F9F6-6DA7-45FD-B19B-281F53A63856}.Debug|Any CPU.ActiveCfg = Debug|Any CPU
		{E9D1F9F6-6DA7-45FD-B19B-281F53A63856}.Debug|Any CPU.Build.0 = Debug|Any CPU
		{E9D1F9F6-6DA7-45FD-B19B-281F53A63856}.Release|Any CPU.ActiveCfg = Release|Any CPU
		{E9D1F9F6-6DA7-45FD-B19B-281F53A63856}.Release|Any CPU.Build.0 = Release|Any CPU
		{71DA0D4C-4F48-4A20-87DC-AEE82350A612}.Debug|Any CPU.ActiveCfg = Debug|Any CPU
		{71DA0D4C-4F48-4A20-87DC-AEE82350A612}.Debug|Any CPU.Build.0 = Debug|Any CPU
		{71DA0D4C-4F48-4A20-87DC-AEE82350A612}.Release|Any CPU.ActiveCfg = Release|Any CPU
		{71DA0D4C-4F48-4A20-87DC-AEE82350A612}.Release|Any CPU.Build.0 = Release|Any CPU
		{49C92969-69E0-4A1B-A0B8-762E0C2729FE}.Debug|Any CPU.ActiveCfg = Debug|Any CPU
		{49C92969-69E0-4A1B-A0B8-762E0C2729FE}.Debug|Any CPU.Build.0 = Debug|Any CPU
		{49C92969-69E0-4A1B-A0B8-762E0C2729FE}.Release|Any CPU.ActiveCfg = Release|Any CPU
		{49C92969-69E0-4A1B-A0B8-762E0C2729FE}.Release|Any CPU.Build.0 = Release|Any CPU
		{0B03E981-DE73-451B-9484-0048CDFF0A21}.Debug|Any CPU.ActiveCfg = Debug|Any CPU
		{0B03E981-DE73-451B-9484-0048CDFF0A21}.Debug|Any CPU.Build.0 = Debug|Any CPU
		{0B03E981-DE73-451B-9484-0048CDFF0A21}.Release|Any CPU.ActiveCfg = Release|Any CPU
		{0B03E981-DE73-451B-9484-0048CDFF0A21}.Release|Any CPU.Build.0 = Release|Any CPU
		{0B9453D1-E3FC-4460-A6E7-BD2D17E31366}.Debug|Any CPU.ActiveCfg = Debug|Any CPU
		{0B9453D1-E3FC-4460-A6E7-BD2D17E31366}.Debug|Any CPU.Build.0 = Debug|Any CPU
		{0B9453D1-E3FC-4460-A6E7-BD2D17E31366}.Release|Any CPU.ActiveCfg = Release|Any CPU
		{0B9453D1-E3FC-4460-A6E7-BD2D17E31366}.Release|Any CPU.Build.0 = Release|Any CPU
	EndGlobalSection
	GlobalSection(SolutionProperties) = preSolution
		HideSolutionNode = FALSE
	EndGlobalSection
	GlobalSection(NestedProjects) = preSolution
		{51567B9B-3601-45B7-A604-1DBEABEC0302} = {0F70AEE6-5309-4DE3-9D95-33278F24FF83}
		{211DC73B-1337-4E72-A396-2D1867399698} = {0F70AEE6-5309-4DE3-9D95-33278F24FF83}
		{4210D546-5FBB-4E41-A18D-C04A41A6EFCD} = {0F70AEE6-5309-4DE3-9D95-33278F24FF83}
		{8EDEFF16-5343-4CF2-A71D-FDF6ED0F49CF} = {0F70AEE6-5309-4DE3-9D95-33278F24FF83}
		{FB7569D9-9B0D-4CBB-826D-1CFD85F62945} = {0F70AEE6-5309-4DE3-9D95-33278F24FF83}
		{7E7A86C6-4A75-4B0E-8029-B204BBA06DF4} = {0F70AEE6-5309-4DE3-9D95-33278F24FF83}
	EndGlobalSection
	GlobalSection(ExtensibilityGlobals) = postSolution
		SolutionGuid = {6033F580-11F6-4D8B-BF1B-9D9E07504556}
	EndGlobalSection
EndGlobal
